
Microsoft Visual Studio Solution File, Format Version 12.00
# Visual Studio 15
Project("{FAE04EC0-301F-11D3-BF4B-00C04F79EFBC}") = "Laboratorio2", "Laboratorio2\Laboratorio2.csproj", "{1E0F7891-D937-40B5-BA12-295D473FA018}"
EndProject
Global
	GlobalSection(SolutionConfigurationPlatforms) = preSolution
		Debug|anycpu = Debug|anycpu
		Release|anycpu = Release|anycpu
	EndGlobalSection
	GlobalSection(ProjectConfigurationPlatforms) = postSolution
		{1E0F7891-D937-40B5-BA12-295D473FA018}.Debug|anycpu.ActiveCfg = Debug|anycpu
		{1E0F7891-D937-40B5-BA12-295D473FA018}.Debug|anycpu.Build.0 = Debug|anycpu
		{1E0F7891-D937-40B5-BA12-295D473FA018}.Release|anycpu.ActiveCfg = Release|anycpu
		{1E0F7891-D937-40B5-BA12-295D473FA018}.Release|anycpu.Build.0 = Release|anycpu
	EndGlobalSection
EndGlobal
